{
  "name": "asherah",
  "version": "1.0.0",
  "lockfileVersion": 2,
  "requires": true,
  "packages": {
    "": {
      "name": "asherah",
      "version": "1.0.0",
      "license": "ISC",
      "dependencies": {
        "cobhan": "*"
      }
    },
    "../cobhan": {
      "version": "1.0.4",
      "extraneous": true,
      "license": "ISC",
      "dependencies": {
        "cobhan": "file:../cobhan",
        "eslint-config-google": "^0.14.0",
        "ffi-napi": "^4.0.3"
      }
    }
  }
}
